
Microsoft Visual Studio Solution File, Format Version 12.00
# Visual Studio Version 17
VisualStudioVersion = 17.6.33815.320
MinimumVisualStudioVersion = 10.0.40219.1
Project("{9A19103F-16F7-4668-BE54-9A1E7A4F7556}") = "ShapeMath", "ShapeMath\ShapeMath.csproj", "{B2D84FF8-B43D-4FE4-ABFC-78C470F8BA02}"
EndProject
Project("{FAE04EC0-301F-11D3-BF4B-00C04F79EFBC}") = "ShapeMath.Tests", "ShapeMath.Tests\ShapeMath.Tests.csproj", "{0457CA70-F5D7-425D-912C-67F16076BE60}"
EndProject
Global
	GlobalSection(SolutionConfigurationPlatforms) = preSolution
		Debug|Any CPU = Debug|Any CPU
		Release|Any CPU = Release|Any CPU
	EndGlobalSection
	GlobalSection(ProjectConfigurationPlatforms) = postSolution
		{B2D84FF8-B43D-4FE4-ABFC-78C470F8BA02}.Debug|Any CPU.ActiveCfg = Debug|Any CPU
		{B2D84FF8-B43D-4FE4-ABFC-78C470F8BA02}.Debug|Any CPU.Build.0 = Debug|Any CPU
		{B2D84FF8-B43D-4FE4-ABFC-78C470F8BA02}.Release|Any CPU.ActiveCfg = Release|Any CPU
		{B2D84FF8-B43D-4FE4-ABFC-78C470F8BA02}.Release|Any CPU.Build.0 = Release|Any CPU
		{0457CA70-F5D7-425D-912C-67F16076BE60}.Debug|Any CPU.ActiveCfg = Debug|Any CPU
		{0457CA70-F5D7-425D-912C-67F16076BE60}.Debug|Any CPU.Build.0 = Debug|Any CPU
		{0457CA70-F5D7-425D-912C-67F16076BE60}.Release|Any CPU.ActiveCfg = Release|Any CPU
		{0457CA70-F5D7-425D-912C-67F16076BE60}.Release|Any CPU.Build.0 = Release|Any CPU
	EndGlobalSection
	GlobalSection(SolutionProperties) = preSolution
		HideSolutionNode = FALSE
	EndGlobalSection
	GlobalSection(ExtensibilityGlobals) = postSolution
		SolutionGuid = {14D5F162-6BA2-40F3-983B-FD6F324C175B}
	EndGlobalSection
EndGlobal
